
Microsoft Visual Studio Solution File, Format Version 12.00
# Visual Studio Version 17
VisualStudioVersion = 17.9.34622.214
MinimumVisualStudioVersion = 10.0.40219.1
Project("{FAE04EC0-301F-11D3-BF4B-00C04F79EFBC}") = "RazorPagesApp", "RazorPagesApp\RazorPagesApp.csproj", "{6769AD58-7D65-4026-B32A-FDF02E3D143D}"
EndProject
Global
	GlobalSection(SolutionConfigurationPlatforms) = preSolution
		Debug|Any CPU = Debug|Any CPU
		Release|Any CPU = Release|Any CPU
	EndGlobalSection
	GlobalSection(ProjectConfigurationPlatforms) = postSolution
		{6769AD58-7D65-4026-B32A-FDF02E3D143D}.Debug|Any CPU.ActiveCfg = Debug|Any CPU
		{6769AD58-7D65-4026-B32A-FDF02E3D143D}.Debug|Any CPU.Build.0 = Debug|Any CPU
		{6769AD58-7D65-4026-B32A-FDF02E3D143D}.Release|Any CPU.ActiveCfg = Release|Any CPU
		{6769AD58-7D65-4026-B32A-FDF02E3D143D}.Release|Any CPU.Build.0 = Release|Any CPU
	EndGlobalSection
	GlobalSection(SolutionProperties) = preSolution
		HideSolutionNode = FALSE
	EndGlobalSection
	GlobalSection(ExtensibilityGlobals) = postSolution
		SolutionGuid = {972846E4-B024-4313-AC08-12B26D4C90C1}
	EndGlobalSection
EndGlobal
